
Microsoft Visual Studio Solution File, Format Version 12.00
# Visual Studio 15
VisualStudioVersion = 15.0.27703.2018
MinimumVisualStudioVersion = 10.0.40219.1
Project("{FAE04EC0-301F-11D3-BF4B-00C04F79EFBC}") = "TravelRecordApp.Android", "TravelRecordApp\TravelRecordApp.Android\TravelRecordApp.Android.csproj", "{D98666C9-791C-4280-9766-09189C4F8D3C}"
EndProject
Project("{FAE04EC0-301F-11D3-BF4B-00C04F79EFBC}") = "TravelRecordApp.iOS", "TravelRecordApp\TravelRecordApp.iOS\TravelRecordApp.iOS.csproj", "{A99824DE-9AF2-4144-BF15-7CF476789D72}"
EndProject
Project("{FAE04EC0-301F-11D3-BF4B-00C04F79EFBC}") = "TravelRecordApp", "TravelRecordApp\TravelRecordApp\TravelRecordApp.csproj", "{A3476FEA-5288-4AA6-978E-51371CE8545F}"
EndProject
Global
	GlobalSection(SolutionConfigurationPlatforms) = preSolution
		Ad-Hoc|Any CPU = Ad-Hoc|Any CPU
		Ad-Hoc|iPhone = Ad-Hoc|iPhone
		Ad-Hoc|iPhoneSimulator = Ad-Hoc|iPhoneSimulator
		AppStore|Any CPU = AppStore|Any CPU
		AppStore|iPhone = AppStore|iPhone
		AppStore|iPhoneSimulator = AppStore|iPhoneSimulator
		Debug|Any CPU = Debug|Any CPU
		Debug|iPhone = Debug|iPhone
		Debug|iPhoneSimulator = Debug|iPhoneSimulator
		Release|Any CPU = Release|Any CPU
		Release|iPhone = Release|iPhone
		Release|iPhoneSimulator = Release|iPhoneSimulator
	EndGlobalSection
	GlobalSection(ProjectConfigurationPlatforms) = postSolution
		{D98666C9-791C-4280-9766-09189C4F8D3C}.Ad-Hoc|Any CPU.ActiveCfg = Release|Any CPU
		{D98666C9-791C-4280-9766-09189C4F8D3C}.Ad-Hoc|Any CPU.Build.0 = Release|Any CPU
		{D98666C9-791C-4280-9766-09189C4F8D3C}.Ad-Hoc|Any CPU.Deploy.0 = Release|Any CPU
		{D98666C9-791C-4280-9766-09189C4F8D3C}.Ad-Hoc|iPhone.ActiveCfg = Release|Any CPU
		{D98666C9-791C-4280-9766-09189C4F8D3C}.Ad-Hoc|iPhone.Build.0 = Release|Any CPU
		{D98666C9-791C-4280-9766-09189C4F8D3C}.Ad-Hoc|iPhone.Deploy.0 = Release|Any CPU
		{D98666C9-791C-4280-9766-09189C4F8D3C}.Ad-Hoc|iPhoneSimulator.ActiveCfg = Release|Any CPU
		{D98666C9-791C-4280-9766-09189C4F8D3C}.Ad-Hoc|iPhoneSimulator.Build.0 = Release|Any CPU
		{D98666C9-791C-4280-9766-09189C4F8D3C}.Ad-Hoc|iPhoneSimulator.Deploy.0 = Release|Any CPU
		{D98666C9-791C-4280-9766-09189C4F8D3C}.AppStore|Any CPU.ActiveCfg = Release|Any CPU
		{D98666C9-791C-4280-9766-09189C4F8D3C}.AppStore|Any CPU.Build.0 = Release|Any CPU
		{D98666C9-791C-4280-9766-09189C4F8D3C}.AppStore|Any CPU.Deploy.0 = Release|Any CPU
		{D98666C9-791C-4280-9766-09189C4F8D3C}.AppStore|iPhone.ActiveCfg = Release|Any CPU
		{D98666C9-791C-4280-9766-09189C4F8D3C}.AppStore|iPhone.Build.0 = Release|Any CPU
		{D98666C9-791C-4280-9766-09189C4F8D3C}.AppStore|iPhone.Deploy.0 = Release|Any CPU
		{D98666C9-791C-4280-9766-09189C4F8D3C}.AppStore|iPhoneSimulator.ActiveCfg = Release|Any CPU
		{D98666C9-791C-4280-9766-09189C4F8D3C}.AppStore|iPhoneSimulator.Build.0 = Release|Any CPU
		{D98666C9-791C-4280-9766-09189C4F8D3C}.AppStore|iPhoneSimulator.Deploy.0 = Release|Any CPU
		{D98666C9-791C-4280-9766-09189C4F8D3C}.Debug|Any CPU.ActiveCfg = Debug|Any CPU
		{D98666C9-791C-4280-9766-09189C4F8D3C}.Debug|Any CPU.Build.0 = Debug|Any CPU
		{D98666C9-791C-4280-9766-09189C4F8D3C}.Debug|Any CPU.Deploy.0 = Debug|Any CPU
		{D98666C9-791C-4280-9766-09189C4F8D3C}.Debug|iPhone.ActiveCfg = Debug|Any CPU
		{D98666C9-791C-4280-9766-09189C4F8D3C}.Debug|iPhone.Build.0 = Debug|Any CPU
		{D98666C9-791C-4280-9766-09189C4F8D3C}.Debug|iPhone.Deploy.0 = Debug|Any CPU
		{D98666C9-791C-4280-9766-09189C4F8D3C}.Debug|iPhoneSimulator.ActiveCfg = Debug|Any CPU
		{D98666C9-791C-4280-9766-09189C4F8D3C}.Debug|iPhoneSimulator.Build.0 = Debug|Any CPU
		{D98666C9-791C-4280-9766-09189C4F8D3C}.Debug|iPhoneSimulator.Deploy.0 = Debug|Any CPU
		{D98666C9-791C-4280-9766-09189C4F8D3C}.Release|Any CPU.ActiveCfg = Release|Any CPU
		{D98666C9-791C-4280-9766-09189C4F8D3C}.Release|Any CPU.Build.0 = Release|Any CPU
		{D98666C9-791C-4280-9766-09189C4F8D3C}.Release|Any CPU.Deploy.0 = Release|Any CPU
		{D98666C9-791C-4280-9766-09189C4F8D3C}.Release|iPhone.ActiveCfg = Release|Any CPU
		{D98666C9-791C-4280-9766-09189C4F8D3C}.Release|iPhone.Build.0 = Release|Any CPU
		{D98666C9-791C-4280-9766-09189C4F8D3C}.Release|iPhone.Deploy.0 = Release|Any CPU
		{D98666C9-791C-4280-9766-09189C4F8D3C}.Release|iPhoneSimulator.ActiveCfg = Release|Any CPU
		{D98666C9-791C-4280-9766-09189C4F8D3C}.Release|iPhoneSimulator.Build.0 = Release|Any CPU
		{D98666C9-791C-4280-9766-09189C4F8D3C}.Release|iPhoneSimulator.Deploy.0 = Release|Any CPU
		{A99824DE-9AF2-4144-BF15-7CF476789D72}.Ad-Hoc|Any CPU.ActiveCfg = Ad-Hoc|iPhone
		{A99824DE-9AF2-4144-BF15-7CF476789D72}.Ad-Hoc|Any CPU.Build.0 = Ad-Hoc|iPhone
		{A99824DE-9AF2-4144-BF15-7CF476789D72}.Ad-Hoc|Any CPU.Deploy.0 = Ad-Hoc|iPhone
		{A99824DE-9AF2-4144-BF15-7CF476789D72}.Ad-Hoc|iPhone.ActiveCfg = Ad-Hoc|iPhone
		{A99824DE-9AF2-4144-BF15-7CF476789D72}.Ad-Hoc|iPhone.Build.0 = Ad-Hoc|iPhone
		{A99824DE-9AF2-4144-BF15-7CF476789D72}.Ad-Hoc|iPhone.Deploy.0 = Ad-Hoc|iPhone
		{A99824DE-9AF2-4144-BF15-7CF476789D72}.Ad-Hoc|iPhoneSimulator.ActiveCfg = Ad-Hoc|iPhoneSimulator
		{A99824DE-9AF2-4144-BF15-7CF476789D72}.Ad-Hoc|iPhoneSimulator.Build.0 = Ad-Hoc|iPhoneSimulator
		{A99824DE-9AF2-4144-BF15-7CF476789D72}.Ad-Hoc|iPhoneSimulator.Deploy.0 = Ad-Hoc|iPhoneSimulator
		{A99824DE-9AF2-4144-BF15-7CF476789D72}.AppStore|Any CPU.ActiveCfg = AppStore|iPhone
		{A99824DE-9AF2-4144-BF15-7CF476789D72}.AppStore|Any CPU.Build.0 = AppStore|iPhone
		{A99824DE-9AF2-4144-BF15-7CF476789D72}.AppStore|Any CPU.Deploy.0 = AppStore|iPhone
		{A99824DE-9AF2-4144-BF15-7CF476789D72}.AppStore|iPhone.ActiveCfg = AppStore|iPhone
		{A99824DE-9AF2-4144-BF15-7CF476789D72}.AppStore|iPhone.Build.0 = AppStore|iPhone
		{A99824DE-9AF2-4144-BF15-7CF476789D72}.AppStore|iPhone.Deploy.0 = AppStore|iPhone
		{A99824DE-9AF2-4144-BF15-7CF476789D72}.AppStore|iPhoneSimulator.ActiveCfg = AppStore|iPhoneSimulator
		{A99824DE-9AF2-4144-BF15-7CF476789D72}.AppStore|iPhoneSimulator.Build.0 = AppStore|iPhoneSimulator
		{A99824DE-9AF2-4144-BF15-7CF476789D72}.AppStore|iPhoneSimulator.Deploy.0 = AppStore|iPhoneSimulator
		{A99824DE-9AF2-4144-BF15-7CF476789D72}.Debug|Any CPU.ActiveCfg = Debug|iPhoneSimulator
		{A99824DE-9AF2-4144-BF15-7CF476789D72}.Debug|Any CPU.Build.0 = Debug|iPhoneSimulator
		{A99824DE-9AF2-4144-BF15-7CF476789D72}.Debug|Any CPU.Deploy.0 = Debug|iPhoneSimulator
		{A99824DE-9AF2-4144-BF15-7CF476789D72}.Debug|iPhone.ActiveCfg = Debug|iPhone
		{A99824DE-9AF2-4144-BF15-7CF476789D72}.Debug|iPhone.Build.0 = Debug|iPhone
		{A99824DE-9AF2-4144-BF15-7CF476789D72}.Debug|iPhone.Deploy.0 = Debug|iPhone
		{A99824DE-9AF2-4144-BF15-7CF476789D72}.Debug|iPhoneSimulator.ActiveCfg = Debug|iPhoneSimulator
		{A99824DE-9AF2-4144-BF15-7CF476789D72}.Debug|iPhoneSimulator.Build.0 = Debug|iPhoneSimulator
		{A99824DE-9AF2-4144-BF15-7CF476789D72}.Debug|iPhoneSimulator.Deploy.0 = Debug|iPhoneSimulator
		{A99824DE-9AF2-4144-BF15-7CF476789D72}.Release|Any CPU.ActiveCfg = Release|iPhone
		{A99824DE-9AF2-4144-BF15-7CF476789D72}.Release|Any CPU.Build.0 = Release|iPhone
		{A99824DE-9AF2-4144-BF15-7CF476789D72}.Release|Any CPU.Deploy.0 = Release|iPhone
		{A99824DE-9AF2-4144-BF15-7CF476789D72}.Release|iPhone.ActiveCfg = Release|iPhone
		{A99824DE-9AF2-4144-BF15-7CF476789D72}.Release|iPhone.Build.0 = Release|iPhone
		{A99824DE-9AF2-4144-BF15-7CF476789D72}.Release|iPhone.Deploy.0 = Release|iPhone
		{A99824DE-9AF2-4144-BF15-7CF476789D72}.Release|iPhoneSimulator.ActiveCfg = Release|iPhoneSimulator
		{A99824DE-9AF2-4144-BF15-7CF476789D72}.Release|iPhoneSimulator.Build.0 = Release|iPhoneSimulator
		{A99824DE-9AF2-4144-BF15-7CF476789D72}.Release|iPhoneSimulator.Deploy.0 = Release|iPhoneSimulator
		{A3476FEA-5288-4AA6-978E-51371CE8545F}.Ad-Hoc|Any CPU.ActiveCfg = Debug|Any CPU
		{A3476FEA-5288-4AA6-978E-51371CE8545F}.Ad-Hoc|Any CPU.Build.0 = Debug|Any CPU
		{A3476FEA-5288-4AA6-978E-51371CE8545F}.Ad-Hoc|Any CPU.Deploy.0 = Debug|Any CPU
		{A3476FEA-5288-4AA6-978E-51371CE8545F}.Ad-Hoc|iPhone.ActiveCfg = Debug|Any CPU
		{A3476FEA-5288-4AA6-978E-51371CE8545F}.Ad-Hoc|iPhone.Build.0 = Debug|Any CPU
		{A3476FEA-5288-4AA6-978E-51371CE8545F}.Ad-Hoc|iPhone.Deploy.0 = Debug|Any CPU
		{A3476FEA-5288-4AA6-978E-51371CE8545F}.Ad-Hoc|iPhoneSimulator.ActiveCfg = Debug|Any CPU
		{A3476FEA-5288-4AA6-978E-51371CE8545F}.Ad-Hoc|iPhoneSimulator.Build.0 = Debug|Any CPU
		{A3476FEA-5288-4AA6-978E-51371CE8545F}.Ad-Hoc|iPhoneSimulator.Deploy.0 = Debug|Any CPU
		{A3476FEA-5288-4AA6-978E-51371CE8545F}.AppStore|Any CPU.ActiveCfg = Debug|Any CPU
		{A3476FEA-5288-4AA6-978E-51371CE8545F}.AppStore|Any CPU.Build.0 = Debug|Any CPU
		{A3476FEA-5288-4AA6-978E-51371CE8545F}.AppStore|Any CPU.Deploy.0 = Debug|Any CPU
		{A3476FEA-5288-4AA6-978E-51371CE8545F}.AppStore|iPhone.ActiveCfg = Debug|Any CPU
		{A3476FEA-5288-4AA6-978E-51371CE8545F}.AppStore|iPhone.Build.0 = Debug|Any CPU
		{A3476FEA-5288-4AA6-978E-51371CE8545F}.AppStore|iPhone.Deploy.0 = Debug|Any CPU
		{A3476FEA-5288-4AA6-978E-51371CE8545F}.AppStore|iPhoneSimulator.ActiveCfg = Debug|Any CPU
		{A3476FEA-5288-4AA6-978E-51371CE8545F}.AppStore|iPhoneSimulator.Build.0 = Debug|Any CPU
		{A3476FEA-5288-4AA6-978E-51371CE8545F}.AppStore|iPhoneSimulator.Deploy.0 = Debug|Any CPU
		{A3476FEA-5288-4AA6-978E-51371CE8545F}.Debug|Any CPU.ActiveCfg = Debug|Any CPU
		{A3476FEA-5288-4AA6-978E-51371CE8545F}.Debug|Any CPU.Build.0 = Debug|Any CPU
		{A3476FEA-5288-4AA6-978E-51371CE8545F}.Debug|Any CPU.Deploy.0 = Debug|Any CPU
		{A3476FEA-5288-4AA6-978E-51371CE8545F}.Debug|iPhone.ActiveCfg = Debug|Any CPU
		{A3476FEA-5288-4AA6-978E-51371CE8545F}.Debug|iPhone.Build.0 = Debug|Any CPU
		{A3476FEA-5288-4AA6-978E-51371CE8545F}.Debug|iPhone.Deploy.0 = Debug|Any CPU
		{A3476FEA-5288-4AA6-978E-51371CE8545F}.Debug|iPhoneSimulator.ActiveCfg = Debug|Any CPU
		{A3476FEA-5288-4AA6-978E-51371CE8545F}.Debug|iPhoneSimulator.Build.0 = Debug|Any CPU
		{A3476FEA-5288-4AA6-978E-51371CE8545F}.Debug|iPhoneSimulator.Deploy.0 = Debug|Any CPU
		{A3476FEA-5288-4AA6-978E-51371CE8545F}.Release|Any CPU.ActiveCfg = Release|Any CPU
		{A3476FEA-5288-4AA6-978E-51371CE8545F}.Release|Any CPU.Build.0 = Release|Any CPU
		{A3476FEA-5288-4AA6-978E-51371CE8545F}.Release|Any CPU.Deploy.0 = Release|Any CPU
		{A3476FEA-5288-4AA6-978E-51371CE8545F}.Release|iPhone.ActiveCfg = Release|Any CPU
		{A3476FEA-5288-4AA6-978E-51371CE8545F}.Release|iPhone.Build.0 = Release|Any CPU
		{A3476FEA-5288-4AA6-978E-51371CE8545F}.Release|iPhone.Deploy.0 = Release|Any CPU
		{A3476FEA-5288-4AA6-978E-51371CE8545F}.Release|iPhoneSimulator.ActiveCfg = Release|Any CPU
		{A3476FEA-5288-4AA6-978E-51371CE8545F}.Release|iPhoneSimulator.Build.0 = Release|Any CPU
		{A3476FEA-5288-4AA6-978E-51371CE8545F}.Release|iPhoneSimulator.Deploy.0 = Release|Any CPU
	EndGlobalSection
	GlobalSection(SolutionProperties) = preSolution
		HideSolutionNode = FALSE
	EndGlobalSection
	GlobalSection(ExtensibilityGlobals) = postSolution
		SolutionGuid = {4AFD0190-F45E-4D4F-AF7B-08BA92F842B7}
	EndGlobalSection
EndGlobal
